
Microsoft Visual Studio Solution File, Format Version 12.00
# Visual Studio 14
VisualStudioVersion = 14.0.24720.0
MinimumVisualStudioVersion = 10.0.40219.1
Project("{FAE04EC0-301F-11D3-BF4B-00C04F79EFBC}") = "TextEditor", "TextEditor\TextEditor.csproj", "{F7C25325-20CB-4393-8537-0D272BAE7B2D}"
EndProject
Project("{FAE04EC0-301F-11D3-BF4B-00C04F79EFBC}") = "TextEditorBL", "TextEditorBL\TextEditorBL.csproj", "{66EF5D47-0A94-40D0-B250-7C1B60AF101F}"
EndProject
Global
	GlobalSection(SolutionConfigurationPlatforms) = preSolution
		Debug|Any CPU = Debug|Any CPU
		Release|Any CPU = Release|Any CPU
	EndGlobalSection
	GlobalSection(ProjectConfigurationPlatforms) = postSolution
		{F7C25325-20CB-4393-8537-0D272BAE7B2D}.Debug|Any CPU.ActiveCfg = Debug|Any CPU
		{F7C25325-20CB-4393-8537-0D272BAE7B2D}.Debug|Any CPU.Build.0 = Debug|Any CPU
		{F7C25325-20CB-4393-8537-0D272BAE7B2D}.Release|Any CPU.ActiveCfg = Release|Any CPU
		{F7C25325-20CB-4393-8537-0D272BAE7B2D}.Release|Any CPU.Build.0 = Release|Any CPU
		{66EF5D47-0A94-40D0-B250-7C1B60AF101F}.Debug|Any CPU.ActiveCfg = Debug|Any CPU
		{66EF5D47-0A94-40D0-B250-7C1B60AF101F}.Debug|Any CPU.Build.0 = Debug|Any CPU
		{66EF5D47-0A94-40D0-B250-7C1B60AF101F}.Release|Any CPU.ActiveCfg = Release|Any CPU
		{66EF5D47-0A94-40D0-B250-7C1B60AF101F}.Release|Any CPU.Build.0 = Release|Any CPU
	EndGlobalSection
	GlobalSection(SolutionProperties) = preSolution
		HideSolutionNode = FALSE
	EndGlobalSection
EndGlobal
